
Microsoft Visual Studio Solution File, Format Version 12.00
# Visual Studio Version 16
VisualStudioVersion = 16.0.30717.126
MinimumVisualStudioVersion = 10.0.40219.1
Project("{9A19103F-16F7-4668-BE54-9A1E7A4F7556}") = "CreditcardAPI", "CreditcardAPI\CreditcardAPI.csproj", "{BD5A7998-2474-4AF2-95FC-977A5FE29994}"
EndProject
Project("{2150E333-8FDC-42A3-9474-1A3956D46DE8}") = "Solution Items", "Solution Items", "{C54AAA9B-5462-4BEA-BEBC-B905BAD50B47}"
	ProjectSection(SolutionItems) = preProject
		.editorconfig = .editorconfig
	EndProjectSection
EndProject
Global
	GlobalSection(SolutionConfigurationPlatforms) = preSolution
		Debug|Any CPU = Debug|Any CPU
		Release|Any CPU = Release|Any CPU
	EndGlobalSection
	GlobalSection(ProjectConfigurationPlatforms) = postSolution
		{BD5A7998-2474-4AF2-95FC-977A5FE29994}.Debug|Any CPU.ActiveCfg = Debug|Any CPU
		{BD5A7998-2474-4AF2-95FC-977A5FE29994}.Debug|Any CPU.Build.0 = Debug|Any CPU
		{BD5A7998-2474-4AF2-95FC-977A5FE29994}.Release|Any CPU.ActiveCfg = Release|Any CPU
		{BD5A7998-2474-4AF2-95FC-977A5FE29994}.Release|Any CPU.Build.0 = Release|Any CPU
	EndGlobalSection
	GlobalSection(SolutionProperties) = preSolution
		HideSolutionNode = FALSE
	EndGlobalSection
	GlobalSection(ExtensibilityGlobals) = postSolution
		SolutionGuid = {50C9C0D3-1C0D-4C67-A80B-91C53CBB22DC}
	EndGlobalSection
EndGlobal
